// !$*UTF8*$!
{
	archiveVersion = 1;
	classes = {
	};
	objectVersion = 50;
	objects = {

/* Begin PBXBuildFile section */
		AB02125120A3CA080040F4ED /* VCLeftRight.m in Sources */ = {isa = PBXBuildFile; fileRef = AB02125020A3CA080040F4ED /* VCLeftRight.m */; };
		AB02125A20A3CFA70040F4ED /* VCXY.m in Sources */ = {isa = PBXBuildFile; fileRef = AB02125920A3CFA70040F4ED /* VCXY.m */; };
		AB02125D20A3CFD90040F4ED /* VCTopBottom.m in Sources */ = {isa = PBXBuildFile; fileRef = AB02125C20A3CFD90040F4ED /* VCTopBottom.m */; };
		AB092A9620A52AFA0063B3F0 /* CommonAutoLayout.m in Sources */ = {isa = PBXBuildFile; fileRef = AB092A9520A52AFA0063B3F0 /* CommonAutoLayout.m */; };
		ABB05E3B20A448A10062983C /* README.md in Resources */ = {isa = PBXBuildFile; fileRef = ABB05E3A20A448A10062983C /* README.md */; };
		ABF9CB4A20A2E3240091F92C /* AppDelegate.m in Sources */ = {isa = PBXBuildFile; fileRef = ABF9CB4920A2E3240091F92C /* AppDelegate.m */; };
		ABF9CB4D20A2E3240091F92C /* VCComon.m in Sources */ = {isa = PBXBuildFile; fileRef = ABF9CB4C20A2E3240091F92C /* VCComon.m */; };
		ABF9CB5020A2E3240091F92C /* Main.storyboard in Resources */ = {isa = PBXBuildFile; fileRef = ABF9CB4E20A2E3240091F92C /* Main.storyboard */; };
		ABF9CB5220A2E32A0091F92C /* Assets.xcassets in Resources */ = {isa = PBXBuildFile; fileRef = ABF9CB5120A2E32A0091F92C /* Assets.xcassets */; };
		ABF9CB5520A2E32A0091F92C /* LaunchScreen.storyboard in Resources */ = {isa = PBXBuildFile; fileRef = ABF9CB5320A2E32A0091F92C /* LaunchScreen.storyboard */; };
		ABF9CB5820A2E32A0091F92C /* main.m in Sources */ = {isa = PBXBuildFile; fileRef = ABF9CB5720A2E32A0091F92C /* main.m */; };
/* End PBXBuildFile section */

/* Begin PBXFileReference section */
		AB02124F20A3CA080040F4ED /* VCLeftRight.h */ = {isa = PBXFileReference; lastKnownFileType = sourcecode.c.h; path = VCLeftRight.h; sourceTree = "<group>"; };
		AB02125020A3CA080040F4ED /* VCLeftRight.m */ = {isa = PBXFileReference; lastKnownFileType = sourcecode.c.objc; path = VCLeftRight.m; sourceTree = "<group>"; };
		AB02125820A3CFA70040F4ED /* VCXY.h */ = {isa = PBXFileReference; lastKnownFileType = sourcecode.c.h; path = VCXY.h; sourceTree = "<group>"; };
		AB02125920A3CFA70040F4ED /* VCXY.m */ = {isa = PBXFileReference; lastKnownFileType = sourcecode.c.objc; path = VCXY.m; sourceTree = "<group>"; };
		AB02125B20A3CFD90040F4ED /* VCTopBottom.h */ = {isa = PBXFileReference; lastKnownFileType = sourcecode.c.h; path = VCTopBottom.h; sourceTree = "<group>"; };
		AB02125C20A3CFD90040F4ED /* VCTopBottom.m */ = {isa = PBXFileReference; lastKnownFileType = sourcecode.c.objc; path = VCTopBottom.m; sourceTree = "<group>"; };
		AB092A9420A52AFA0063B3F0 /* CommonAutoLayout.h */ = {isa = PBXFileReference; lastKnownFileType = sourcecode.c.h; path = CommonAutoLayout.h; sourceTree = "<group>"; };
		AB092A9520A52AFA0063B3F0 /* CommonAutoLayout.m */ = {isa = PBXFileReference; lastKnownFileType = sourcecode.c.objc; path = CommonAutoLayout.m; sourceTree = "<group>"; };
		ABB05E3A20A448A10062983C /* README.md */ = {isa = PBXFileReference; fileEncoding = 4; lastKnownFileType = net.daringfireball.markdown; path = README.md; sourceTree = "<group>"; };
		ABF9CB4520A2E3240091F92C /* AutoLayout.app */ = {isa = PBXFileReference; explicitFileType = wrapper.application; includeInIndex = 0; path = AutoLayout.app; sourceTree = BUILT_PRODUCTS_DIR; };
		ABF9CB4820A2E3240091F92C /* AppDelegate.h */ = {isa = PBXFileReference; lastKnownFileType = sourcecode.c.h; path = AppDelegate.h; sourceTree = "<group>"; };
		ABF9CB4920A2E3240091F92C /* AppDelegate.m */ = {isa = PBXFileReference; lastKnownFileType = sourcecode.c.objc; path = AppDelegate.m; sourceTree = "<group>"; };
		ABF9CB4B20A2E3240091F92C /* VCComon.h */ = {isa = PBXFileReference; lastKnownFileType = sourcecode.c.h; path = VCComon.h; sourceTree = "<group>"; };
		ABF9CB4C20A2E3240091F92C /* VCComon.m */ = {isa = PBXFileReference; lastKnownFileType = sourcecode.c.objc; path = VCComon.m; sourceTree = "<group>"; };
		ABF9CB4F20A2E3240091F92C /* Base */ = {isa = PBXFileReference; lastKnownFileType = file.storyboard; name = Base; path = Base.lproj/Main.storyboard; sourceTree = "<group>"; };
		ABF9CB5120A2E32A0091F92C /* Assets.xcassets */ = {isa = PBXFileReference; lastKnownFileType = folder.assetcatalog; path = Assets.xcassets; sourceTree = "<group>"; };
		ABF9CB5420A2E32A0091F92C /* Base */ = {isa = PBXFileReference; lastKnownFileType = file.storyboard; name = Base; path = Base.lproj/LaunchScreen.storyboard; sourceTree = "<group>"; };
		ABF9CB5620A2E32A0091F92C /* Info.plist */ = {isa = PBXFileReference; lastKnownFileType = text.plist.xml; path = Info.plist; sourceTree = "<group>"; };
		ABF9CB5720A2E32A0091F92C /* main.m */ = {isa = PBXFileReference; lastKnownFileType = sourcecode.c.objc; path = main.m; sourceTree = "<group>"; };
/* End PBXFileReference section */

/* Begin PBXFrameworksBuildPhase section */
		ABF9CB4220A2E3240091F92C /* Frameworks */ = {
			isa = PBXFrameworksBuildPhase;
			buildActionMask = 2147483647;
			files = (
			);
			runOnlyForDeploymentPostprocessing = 0;
		};
/* End PBXFrameworksBuildPhase section */

/* Begin PBXGroup section */
		ABF9CB3C20A2E3240091F92C = {
			isa = PBXGroup;
			children = (
				ABB05E3A20A448A10062983C /* README.md */,
				ABF9CB4720A2E3240091F92C /* AutoLayout */,
				ABF9CB4620A2E3240091F92C /* Products */,
			);
			sourceTree = "<group>";
		};
		ABF9CB4620A2E3240091F92C /* Products */ = {
			isa = PBXGroup;
			children = (
				ABF9CB4520A2E3240091F92C /* AutoLayout.app */,
			);
			name = Products;
			sourceTree = "<group>";
		};
		ABF9CB4720A2E3240091F92C /* AutoLayout */ = {
			isa = PBXGroup;
			children = (
				ABF9CB4820A2E3240091F92C /* AppDelegate.h */,
				ABF9CB4920A2E3240091F92C /* AppDelegate.m */,
				ABF9CB4B20A2E3240091F92C /* VCComon.h */,
				ABF9CB4C20A2E3240091F92C /* VCComon.m */,
				AB02125B20A3CFD90040F4ED /* VCTopBottom.h */,
				AB02125C20A3CFD90040F4ED /* VCTopBottom.m */,
				AB02125820A3CFA70040F4ED /* VCXY.h */,
				AB02125920A3CFA70040F4ED /* VCXY.m */,
				AB02124F20A3CA080040F4ED /* VCLeftRight.h */,
				AB02125020A3CA080040F4ED /* VCLeftRight.m */,
				AB092A9420A52AFA0063B3F0 /* CommonAutoLayout.h */,
				AB092A9520A52AFA0063B3F0 /* CommonAutoLayout.m */,
				ABF9CB4E20A2E3240091F92C /* Main.storyboard */,
				ABF9CB5120A2E32A0091F92C /* Assets.xcassets */,
				ABF9CB5320A2E32A0091F92C /* LaunchScreen.storyboard */,
				ABF9CB5620A2E32A0091F92C /* Info.plist */,
				ABF9CB5720A2E32A0091F92C /* main.m */,
			);
			path = AutoLayout;
			sourceTree = "<group>";
		};
/* End PBXGroup section */

/* Begin PBXNativeTarget section */
		ABF9CB4420A2E3240091F92C /* AutoLayout */ = {
			isa = PBXNativeTarget;
			buildConfigurationList = ABF9CB5B20A2E32A0091F92C /* Build configuration list for PBXNativeTarget "AutoLayout" */;
			buildPhases = (
				ABF9CB4120A2E3240091F92C /* Sources */,
				ABF9CB4220A2E3240091F92C /* Frameworks */,
				ABF9CB4320A2E3240091F92C /* Resources */,
			);
			buildRules = (
			);
			dependencies = (
			);
			name = AutoLayout;
			productName = AutoLayout;
			productReference = ABF9CB4520A2E3240091F92C /* AutoLayout.app */;
			productType = "com.apple.product-type.application";
		};
/* End PBXNativeTarget section */

/* Begin PBXProject section */
		ABF9CB3D20A2E3240091F92C /* Project object */ = {
			isa = PBXProject;
			attributes = {
				LastUpgradeCheck = 0930;
				ORGANIZATIONNAME = DHSD;
				TargetAttributes = {
					ABF9CB4420A2E3240091F92C = {
						CreatedOnToolsVersion = 9.3;
					};
				};
			};
			buildConfigurationList = ABF9CB4020A2E3240091F92C /* Build configuration list for PBXProject "AutoLayout" */;
			compatibilityVersion = "Xcode 9.3";
			developmentRegion = en;
			hasScannedForEncodings = 0;
			knownRegions = (
				en,
				Base,
			);
			mainGroup = ABF9CB3C20A2E3240091F92C;
			productRefGroup = ABF9CB4620A2E3240091F92C /* Products */;
			projectDirPath = "";
			projectRoot = "";
			targets = (
				ABF9CB4420A2E3240091F92C /* AutoLayout */,
			);
		};
/* End PBXProject section */

/* Begin PBXResourcesBuildPhase section */
		ABF9CB4320A2E3240091F92C /* Resources */ = {
			isa = PBXResourcesBuildPhase;
			buildActionMask = 2147483647;
			files = (
				ABF9CB5520A2E32A0091F92C /* LaunchScreen.storyboard in Resources */,
				ABF9CB5220A2E32A0091F92C /* Assets.xcassets in Resources */,
				ABB05E3B20A448A10062983C /* README.md in Resources */,
				ABF9CB5020A2E3240091F92C /* Main.storyboard in Resources */,
			);
			runOnlyForDeploymentPostprocessing = 0;
		};
/* End PBXResourcesBuildPhase section */

/* Begin PBXSourcesBuildPhase section */
		ABF9CB4120A2E3240091F92C /* Sources */ = {
			isa = PBXSourcesBuildPhase;
			buildActionMask = 2147483647;
			files = (
				AB02125D20A3CFD90040F4ED /* VCTopBottom.m in Sources */,
				AB092A9620A52AFA0063B3F0 /* CommonAutoLayout.m in Sources */,
				ABF9CB4D20A2E3240091F92C /* VCComon.m in Sources */,
				ABF9CB5820A2E32A0091F92C /* main.m in Sources */,
				AB02125120A3CA080040F4ED /* VCLeftRight.m in Sources */,
				AB02125A20A3CFA70040F4ED /* VCXY.m in Sources */,
				ABF9CB4A20A2E3240091F92C /* AppDelegate.m in Sources */,
			);
			runOnlyForDeploymentPostprocessing = 0;
		};
/* End PBXSourcesBuildPhase section */

/* Begin PBXVariantGroup section */
		ABF9CB4E20A2E3240091F92C /* Main.storyboard */ = {
			isa = PBXVariantGroup;
			children = (
				ABF9CB4F20A2E3240091F92C /* Base */,
			);
			name = Main.storyboard;
			sourceTree = "<group>";
		};
		ABF9CB5320A2E32A0091F92C /* LaunchScreen.storyboard */ = {
			isa = PBXVariantGroup;
			children = (
				ABF9CB5420A2E32A0091F92C /* Base */,
			);
			name = LaunchScreen.storyboard;
			sourceTree = "<group>";
		};
/* End PBXVariantGroup section */

/* Begin XCBuildConfiguration section */
		ABF9CB5920A2E32A0091F92C /* Debug */ = {
			isa = XCBuildConfiguration;
			buildSettings = {
				ALWAYS_SEARCH_USER_PATHS = NO;
				CLANG_ANALYZER_NONNULL = YES;
				CLANG_ANALYZER_NUMBER_OBJECT_CONVERSION = YES_AGGRESSIVE;
				CLANG_CXX_LANGUAGE_STANDARD = "gnu++14";
				CLANG_CXX_LIBRARY = "libc++";
				CLANG_ENABLE_MODULES = YES;
				CLANG_ENABLE_OBJC_ARC = YES;
				CLANG_ENABLE_OBJC_WEAK = YES;
				CLANG_WARN_BLOCK_CAPTURE_AUTORELEASING = YES;
				CLANG_WARN_BOOL_CONVERSION = YES;
				CLANG_WARN_COMMA = YES;
				CLANG_WARN_CONSTANT_CONVERSION = YES;
				CLANG_WARN_DEPRECATED_OBJC_IMPLEMENTATIONS = YES;
				CLANG_WARN_DIRECT_OBJC_ISA_USAGE = YES_ERROR;
				CLANG_WARN_DOCUMENTATION_COMMENTS = YES;
				CLANG_WARN_EMPTY_BODY = YES;
				CLANG_WARN_ENUM_CONVERSION = YES;
				CLANG_WARN_INFINITE_RECURSION = YES;
				CLANG_WARN_INT_CONVERSION = YES;
				CLANG_WARN_NON_LITERAL_NULL_CONVERSION = YES;
				CLANG_WARN_OBJC_IMPLICIT_RETAIN_SELF = YES;
				CLANG_WARN_OBJC_LITERAL_CONVERSION = YES;
				CLANG_WARN_OBJC_ROOT_CLASS = YES_ERROR;
				CLANG_WARN_RANGE_LOOP_ANALYSIS = YES;
				CLANG_WARN_STRICT_PROTOTYPES = YES;
				CLANG_WARN_SUSPICIOUS_MOVE = YES;
				CLANG_WARN_UNGUARDED_AVAILABILITY = YES_AGGRESSIVE;
				CLANG_WARN_UNREACHABLE_CODE = YES;
				CLANG_WARN__DUPLICATE_METHOD_MATCH = YES;
				CODE_SIGN_IDENTITY = "iPhone Developer";
				COPY_PHASE_STRIP = NO;
				DEBUG_INFORMATION_FORMAT = dwarf;
				ENABLE_STRICT_OBJC_MSGSEND = YES;
				ENABLE_TESTABILITY = YES;
				GCC_C_LANGUAGE_STANDARD = gnu11;
				GCC_DYNAMIC_NO_PIC = NO;
				GCC_NO_COMMON_BLOCKS = YES;
				GCC_OPTIMIZATION_LEVEL = 0;
				GCC_PREPROCESSOR_DEFINITIONS = (
					"DEBUG=1",
					"$(inherited)",
				);
				GCC_WARN_64_TO_32_BIT_CONVERSION = YES;
				GCC_WARN_ABOUT_RETURN_TYPE = YES_ERROR;
				GCC_WARN_UNDECLARED_SELECTOR = YES;
				GCC_WARN_UNINITIALIZED_AUTOS = YES_AGGRESSIVE;
				GCC_WARN_UNUSED_FUNCTION = YES;
				GCC_WARN_UNUSED_VARIABLE = YES;
				IPHONEOS_DEPLOYMENT_TARGET = 11.3;
				MTL_ENABLE_DEBUG_INFO = YES;
				ONLY_ACTIVE_ARCH = YES;
				SDKROOT = iphoneos;
			};
			name = Debug;
		};
		ABF9CB5A20A2E32A0091F92C /* Release */ = {
			isa = XCBuildConfiguration;
			buildSettings = {
				ALWAYS_SEARCH_USER_PATHS = NO;
				CLANG_ANALYZER_NONNULL = YES;
				CLANG_ANALYZER_NUMBER_OBJECT_CONVERSION = YES_AGGRESSIVE;
				CLANG_CXX_LANGUAGE_STANDARD = "gnu++14";
				CLANG_CXX_LIBRARY = "libc++";
				CLANG_ENABLE_MODULES = YES;
				CLANG_ENABLE_OBJC_ARC = YES;
				CLANG_ENABLE_OBJC_WEAK = YES;
				CLANG_WARN_BLOCK_CAPTURE_AUTORELEASING = YES;
				CLANG_WARN_BOOL_CONVERSION = YES;
				CLANG_WARN_COMMA = YES;
				CLANG_WARN_CONSTANT_CONVERSION = YES;
				CLANG_WARN_DEPRECATED_OBJC_IMPLEMENTATIONS = YES;
				CLANG_WARN_DIRECT_OBJC_ISA_USAGE = YES_ERROR;
				CLANG_WARN_DOCUMENTATION_COMMENTS = YES;
				CLANG_WARN_EMPTY_BODY = YES;
				CLANG_WARN_ENUM_CONVERSION = YES;
				CLANG_WARN_INFINITE_RECURSION = YES;
				CLANG_WARN_INT_CONVERSION = YES;
				CLANG_WARN_NON_LITERAL_NULL_CONVERSION = YES;
				CLANG_WARN_OBJC_IMPLICIT_RETAIN_SELF = YES;
				CLANG_WARN_OBJC_LITERAL_CONVERSION = YES;
				CLANG_WARN_OBJC_ROOT_CLASS = YES_ERROR;
				CLANG_WARN_RANGE_LOOP_ANALYSIS = YES;
				CLANG_WARN_STRICT_PROTOTYPES = YES;
				CLANG_WARN_SUSPICIOUS_MOVE = YES;
				CLANG_WARN_UNGUARDED_AVAILABILITY = YES_AGGRESSIVE;
				CLANG_WARN_UNREACHABLE_CODE = YES;
				CLANG_WARN__DUPLICATE_METHOD_MATCH = YES;
				CODE_SIGN_IDENTITY = "iPhone Developer";
				COPY_PHASE_STRIP = NO;
				DEBUG_INFORMATION_FORMAT = "dwarf-with-dsym";
				ENABLE_NS_ASSERTIONS = NO;
				ENABLE_STRICT_OBJC_MSGSEND = YES;
				GCC_C_LANGUAGE_STANDARD = gnu11;
				GCC_NO_COMMON_BLOCKS = YES;
				GCC_WARN_64_TO_32_BIT_CONVERSION = YES;
				GCC_WARN_ABOUT_RETURN_TYPE = YES_ERROR;
				GCC_WARN_UNDECLARED_SELECTOR = YES;
				GCC_WARN_UNINITIALIZED_AUTOS = YES_AGGRESSIVE;
				GCC_WARN_UNUSED_FUNCTION = YES;
				GCC_WARN_UNUSED_VARIABLE = YES;
				IPHONEOS_DEPLOYMENT_TARGET = 11.3;
				MTL_ENABLE_DEBUG_INFO = NO;
				SDKROOT = iphoneos;
				VALIDATE_PRODUCT = YES;
			};
			name = Release;
		};
		ABF9CB5C20A2E32A0091F92C /* Debug */ = {
			isa = XCBuildConfiguration;
			buildSettings = {
				ASSETCATALOG_COMPILER_APPICON_NAME = AppIcon;
				CODE_SIGN_STYLE = Automatic;
				INFOPLIST_FILE = AutoLayout/Info.plist;
				IPHONEOS_DEPLOYMENT_TARGET = 8.0;
				LD_RUNPATH_SEARCH_PATHS = (
					"$(inherited)",
					"@executable_path/Frameworks",
				);
				PRODUCT_BUNDLE_IDENTIFIER = com.DHSD.AutoLayout;
				PRODUCT_NAME = "$(TARGET_NAME)";
				TARGETED_DEVICE_FAMILY = "1,2";
			};
			name = Debug;
		};
		ABF9CB5D20A2E32A0091F92C /* Release */ = {
			isa = XCBuildConfiguration;
			buildSettings = {
				ASSETCATALOG_COMPILER_APPICON_NAME = AppIcon;
				CODE_SIGN_STYLE = Automatic;
				INFOPLIST_FILE = AutoLayout/Info.plist;
				IPHONEOS_DEPLOYMENT_TARGET = 8.0;
				LD_RUNPATH_SEARCH_PATHS = (
					"$(inherited)",
					"@executable_path/Frameworks",
				);
				PRODUCT_BUNDLE_IDENTIFIER = com.DHSD.AutoLayout;
				PRODUCT_NAME = "$(TARGET_NAME)";
				TARGETED_DEVICE_FAMILY = "1,2";
			};
			name = Release;
		};
/* End XCBuildConfiguration section */

/* Begin XCConfigurationList section */
		ABF9CB4020A2E3240091F92C /* Build configuration list for PBXProject "AutoLayout" */ = {
			isa = XCConfigurationList;
			buildConfigurations = (
				ABF9CB5920A2E32A0091F92C /* Debug */,
				ABF9CB5A20A2E32A0091F92C /* Release */,
			);
			defaultConfigurationIsVisible = 0;
			defaultConfigurationName = Release;
		};
		ABF9CB5B20A2E32A0091F92C /* Build configuration list for PBXNativeTarget "AutoLayout" */ = {
			isa = XCConfigurationList;
			buildConfigurations = (
				ABF9CB5C20A2E32A0091F92C /* Debug */,
				ABF9CB5D20A2E32A0091F92C /* Release */,
			);
			defaultConfigurationIsVisible = 0;
			defaultConfigurationName = Release;
		};
/* End XCConfigurationList section */
	};
	rootObject = ABF9CB3D20A2E3240091F92C /* Project object */;
}
